version: 2.0
shards:
  crystar:
    git: https://github.com/naqvis/crystar.git
    version: 0.1.5

  docker:
    git: https://github.com/aca-labs/crystal-docker.git
    version: 0.1.0+git.commit.898cea2884ea1305e49b7e52c5fa5d0553f843c2

  neph:
    git: https://github.com/tbrand/neph.git
    version: 0.2.12

  pool:
    git: https://github.com/ysbaddaden/pool.git
    version: 0.2.3

  redis:
    git: https://github.com/stefanwille/crystal-redis.git
    version: 2.6.0

  ssh2:
    git: https://github.com/spider-gazelle/ssh2.cr.git
    version: 1.3.3

  toml:
    git: https://github.com/crystal-community/toml.cr.git
    version: 0.6.1+git.commit.d02de85eed68a70dc97ab6d6e52831a4d0e890fe

